
Microsoft Visual Studio Solution File, Format Version 12.00
# Visual Studio Version 16
VisualStudioVersion = 16.0.32106.194
MinimumVisualStudioVersion = 10.0.40219.1
Project("{FAE04EC0-301F-11D3-BF4B-00C04F79EFBC}") = "RuitingHelper", "RuitingHelper\RuitingHelper.csproj", "{BEFB7AB0-70D3-42A3-AB10-73D8E18B8D2D}"
EndProject
Global
	GlobalSection(SolutionConfigurationPlatforms) = preSolution
		Debug|Any CPU = Debug|Any CPU
		Release|Any CPU = Release|Any CPU
	EndGlobalSection
	GlobalSection(ProjectConfigurationPlatforms) = postSolution
		{BEFB7AB0-70D3-42A3-AB10-73D8E18B8D2D}.Debug|Any CPU.ActiveCfg = Debug|Any CPU
		{BEFB7AB0-70D3-42A3-AB10-73D8E18B8D2D}.Debug|Any CPU.Build.0 = Debug|Any CPU
		{BEFB7AB0-70D3-42A3-AB10-73D8E18B8D2D}.Release|Any CPU.ActiveCfg = Release|Any CPU
		{BEFB7AB0-70D3-42A3-AB10-73D8E18B8D2D}.Release|Any CPU.Build.0 = Release|Any CPU
	EndGlobalSection
	GlobalSection(SolutionProperties) = preSolution
		HideSolutionNode = FALSE
	EndGlobalSection
	GlobalSection(ExtensibilityGlobals) = postSolution
		SolutionGuid = {8DCC83C8-58EE-4997-9587-F4DDC8A38D91}
	EndGlobalSection
EndGlobal
